
Microsoft Visual Studio Solution File, Format Version 12.00
# Visual Studio Version 17
VisualStudioVersion = 17.0.32014.148
MinimumVisualStudioVersion = 10.0.40219.1
Project("{FAE04EC0-301F-11D3-BF4B-00C04F79EFBC}") = "Lab21", "Lab21\Lab21.csproj", "{DE975AE4-0A2C-4993-9D62-8B0A6CFC35FF}"
EndProject
Global
	GlobalSection(SolutionConfigurationPlatforms) = preSolution
		Debug|Any CPU = Debug|Any CPU
		Release|Any CPU = Release|Any CPU
	EndGlobalSection
	GlobalSection(ProjectConfigurationPlatforms) = postSolution
		{DE975AE4-0A2C-4993-9D62-8B0A6CFC35FF}.Debug|Any CPU.ActiveCfg = Debug|Any CPU
		{DE975AE4-0A2C-4993-9D62-8B0A6CFC35FF}.Debug|Any CPU.Build.0 = Debug|Any CPU
		{DE975AE4-0A2C-4993-9D62-8B0A6CFC35FF}.Release|Any CPU.ActiveCfg = Release|Any CPU
		{DE975AE4-0A2C-4993-9D62-8B0A6CFC35FF}.Release|Any CPU.Build.0 = Release|Any CPU
	EndGlobalSection
	GlobalSection(SolutionProperties) = preSolution
		HideSolutionNode = FALSE
	EndGlobalSection
	GlobalSection(ExtensibilityGlobals) = postSolution
		SolutionGuid = {8B4BD190-7758-4C80-895A-AEF4B72609B1}
	EndGlobalSection
EndGlobal
